# This file is generated by running "yarn install" inside your project.
# Manual changes might be lost - proceed with caution!

__metadata:
  version: 8
  cacheKey: 10c0

"@types/node@npm:^18":
  version: 18.18.3
  resolution: "@types/node@npm:18.18.3"
  checksum: 10c0/d874ba8822466055051a5cb1d8e0d465e5a9fbba2de3327afbae9fa29bd330878a14a5c34d24d40c9b270594645a8eebd6aaf2c8a7eb7df93aeae186409c693a
  languageName: node
  linkType: hard

"commander@npm:0.6.1":
  version: 0.6.1
  resolution: "commander@npm:0.6.1"
  checksum: 10c0/01dd500bbc8df9d523eaa01c022ec47055c1a308e5c275d3bed986366bd3acaf59a1750319877f15c3cf1a982240098d9469c003dad425a3a20d5db6054a378a
  languageName: node
  linkType: hard

"commander@npm:2.3.0":
  version: 2.3.0
  resolution: "commander@npm:2.3.0"
  checksum: 10c0/cb41bc7f92b4af7c35c7084637e5a0e71d8774eac1088d2371e4be30dc310f8619d26389e71681af9fb3f8e0d291bf0723aba30eb84ebb6391963b8263c57c18
  languageName: node
  linkType: hard

"debug@npm:2.2.0":
  version: 2.2.0
  resolution: "debug@npm:2.2.0"
  dependencies:
    ms: "npm:0.7.1"
  checksum: 10c0/d24d6200c9d9bef20e1dcb823a9895193a45c39505606468735f387bdd850a21baf4c7841df1787f9a02596cbf0f111d60726ba3fa7511e22198b91b33440fe9
  languageName: node
  linkType: hard

"diff@npm:1.4.0":
  version: 1.4.0
  resolution: "diff@npm:1.4.0"
  checksum: 10c0/516ce8f6a85e2025ea039cd7ce5491b0f8cda1a9d8a9c7998aa4a8a49ba94d24ff1c7e91e5b23e04ae78e1f788a19c03b24709bb619fa15d9627d657b5aa86f3
  languageName: node
  linkType: hard

"escape-string-regexp@npm:1.0.2":
  version: 1.0.2
  resolution: "escape-string-regexp@npm:1.0.2"
  checksum: 10c0/df696f5330ee177510299abfaa2ead4be9aae024a22fd388acfb0b49fdfe8d45d15cbc6c960934fb073efd2fd68c80a9dee5d3a3ac30097baec08fd8de4b5cd5
  languageName: node
  linkType: hard

"glob@npm:3.2.11":
  version: 3.2.11
  resolution: "glob@npm:3.2.11"
  dependencies:
    inherits: "npm:2"
    minimatch: "npm:0.3"
  checksum: 10c0/d3ca265ee7a3cec543f49d93ac20925c8b2fa66a0f87ffaf3004ef9cef62414a55cb0b0f22a1e8e3f7b77154e6b9afdfaf589099276b3c6402e8a23849c5cc25
  languageName: node
  linkType: hard

"growl@npm:1.9.2":
  version: 1.9.2
  resolution: "growl@npm:1.9.2"
  checksum: 10c0/e3191e0fafb218c0d0d404198a94c32a53b21504cde9f01781907897504b7f1a63fe4038a4e197af8b0f375a64f98019213eb294be99d7fc7cf281f3ce5f6e75
  languageName: node
  linkType: hard

"inherits@npm:2":
  version: 2.0.4
  resolution: "inherits@npm:2.0.4"
  checksum: 10c0/4e531f648b29039fb7426fb94075e6545faa1eb9fe83c29f0b6d9e7263aceb4289d2d4557db0d428188eeb449cc7c5e77b0a0b2c4e248ff2a65933a0dee49ef2
  languageName: node
  linkType: hard

"jade@npm:0.26.3":
  version: 0.26.3
  resolution: "jade@npm:0.26.3"
  dependencies:
    commander: "npm:0.6.1"
    mkdirp: "npm:0.3.0"
  bin:
    jade: ./bin/jade
  checksum: 10c0/5fac05818e7203de6e2ba1afa06f522070054166dba95621ec57be891011f6767cdbc30d56e4987b94da89ad84ff28fcf06c6d91b7779c21a3dd0800d67dd6bc
  languageName: node
  linkType: hard

"lru-cache@npm:2":
  version: 2.7.3
  resolution: "lru-cache@npm:2.7.3"
  checksum: 10c0/699702a9e374fd48cb507c55ecf655409337b3f6356a78e620e64e34c675bd988377fd4e3bb1db6e05a03b10e1758ba55877ca90a01c8d7ab2bea05cc49190d8
  languageName: node
  linkType: hard

"minimatch@npm:0.3":
  version: 0.3.0
  resolution: "minimatch@npm:0.3.0"
  dependencies:
    lru-cache: "npm:2"
    sigmund: "npm:~1.0.0"
  checksum: 10c0/c9809c0f0bb04b9af8f3bdf3d0c285e94c3b08a961d4916e22bc89d1f94771a98af7e22accc9622fb4cd543c6028882ab38fdaa22f4d8ee7026b7aa6670425e4
  languageName: node
  linkType: hard

"minimist@npm:0.0.8":
  version: 0.0.8
  resolution: "minimist@npm:0.0.8"
  checksum: 10c0/d0a998c3042922dbcd5f23566b52811d6977649ad089fd75dd89e8a9bff27634194900818b2dfb1b873f204edb902d0c8cdea9cb8dca8488b301f69bd522d5dc
  languageName: node
  linkType: hard

"mkdirp@npm:0.3.0":
  version: 0.3.0
  resolution: "mkdirp@npm:0.3.0"
  checksum: 10c0/cd9e54878490571df79770de1cdceba48ab6682c004616666d23a38315feaf5822d443aeb500ac298a12d7f6f5e11dc05cea3207d500e547d938218bf22d8629
  languageName: node
  linkType: hard

"mkdirp@npm:0.5.1":
  version: 0.5.1
  resolution: "mkdirp@npm:0.5.1"
  dependencies:
    minimist: "npm:0.0.8"
  bin:
    mkdirp: bin/cmd.js
  checksum: 10c0/e5ff572d761240a06dbfc69e1ea303d5482815a1f66033b999bd9d78583fcdc9ef63e99e61d396bbd57eca45b388af80a7f7f35f63510619c991c9d44c75341c
  languageName: node
  linkType: hard

"mocha@npm:^2.5.0":
  version: 2.5.3
  resolution: "mocha@npm:2.5.3"
  dependencies:
    commander: "npm:2.3.0"
    debug: "npm:2.2.0"
    diff: "npm:1.4.0"
    escape-string-regexp: "npm:1.0.2"
    glob: "npm:3.2.11"
    growl: "npm:1.9.2"
    jade: "npm:0.26.3"
    mkdirp: "npm:0.5.1"
    supports-color: "npm:1.2.0"
    to-iso-string: "npm:0.0.2"
  bin:
    _mocha: ./bin/_mocha
    mocha: ./bin/mocha
  checksum: 10c0/9d9b4097b592f7409973d347ecb6cbd82475135cb81e3198be94703353cc9c6bae9d4116db621fb084d7dcc0858db477b46dd54b4a56b2f696296afe5a56a559
  languageName: node
  linkType: hard

"ms@npm:0.7.1":
  version: 0.7.1
  resolution: "ms@npm:0.7.1"
  checksum: 10c0/caeb29c1eef02d38f03781d1937a59ddef897be8686c146507a9d33cda7fa4de678d0c6091f8ce7e45bf35585e655d398d9d5103e5197fd919643c46356887cc
  languageName: node
  linkType: hard

"parse-full-name@workspace:.":
  version: 0.0.0-use.local
  resolution: "parse-full-name@workspace:."
  dependencies:
    "@types/node": "npm:^18"
    mocha: "npm:^2.5.0"
  languageName: unknown
  linkType: soft

"sigmund@npm:~1.0.0":
  version: 1.0.1
  resolution: "sigmund@npm:1.0.1"
  checksum: 10c0/0cc9cf0acf4ee1e29bc324ec60b81865c30c4cf6738c6677646b101df1b1b1663759106d96de4199648e5fff3d1d2468ba06ec437cfcef16ee8ff19133fcbb9d
  languageName: node
  linkType: hard

"supports-color@npm:1.2.0":
  version: 1.2.0
  resolution: "supports-color@npm:1.2.0"
  bin:
    supports-color: cli.js
  checksum: 10c0/7a3df5814fe5b3676b2f11f7de4bbeb64be182335ae9dd7738101fc8c78df87e0100b2a0104ec29658009195abd4f50f04574e93e6adc7c7e84c288e9731a8ca
  languageName: node
  linkType: hard

"to-iso-string@npm:0.0.2":
  version: 0.0.2
  resolution: "to-iso-string@npm:0.0.2"
  checksum: 10c0/bffeac1e4de0f4cbc14aed39f5dec7fbc32f5b43fb768b5e818e2675dda719dcd5744857874cd02b01c6bef9481bd2518867dc43eb23dd8822ef6c089a4fe293
  languageName: node
  linkType: hard
